
Microsoft Visual Studio Solution File, Format Version 12.00
# Visual Studio Version 16
VisualStudioVersion = 16.0.32228.547
MinimumVisualStudioVersion = 10.0.40219.1
Project("{FAE04EC0-301F-11D3-BF4B-00C04F79EFBC}") = "Count even and odd number", "Count even and odd number\Count even and odd number.csproj", "{0AA79DC8-969D-4E33-A0EF-4D1C9267671B}"
EndProject
Global
	GlobalSection(SolutionConfigurationPlatforms) = preSolution
		Debug|Any CPU = Debug|Any CPU
		Release|Any CPU = Release|Any CPU
	EndGlobalSection
	GlobalSection(ProjectConfigurationPlatforms) = postSolution
		{0AA79DC8-969D-4E33-A0EF-4D1C9267671B}.Debug|Any CPU.ActiveCfg = Debug|Any CPU
		{0AA79DC8-969D-4E33-A0EF-4D1C9267671B}.Debug|Any CPU.Build.0 = Debug|Any CPU
		{0AA79DC8-969D-4E33-A0EF-4D1C9267671B}.Release|Any CPU.ActiveCfg = Release|Any CPU
		{0AA79DC8-969D-4E33-A0EF-4D1C9267671B}.Release|Any CPU.Build.0 = Release|Any CPU
	EndGlobalSection
	GlobalSection(SolutionProperties) = preSolution
		HideSolutionNode = FALSE
	EndGlobalSection
	GlobalSection(ExtensibilityGlobals) = postSolution
		SolutionGuid = {73BD66F0-E570-471B-A6AE-DF551970150E}
	EndGlobalSection
EndGlobal
